// !$*UTF8*$!
{
	archiveVersion = 1;
	classes = {
	};
	objectVersion = 55;
	objects = {

/* Begin PBXBuildFile section */
		F9DCB1D738BCD1A1C47B2488 /* Pods_Realmy_Swift.framework in Frameworks */ = {isa = PBXBuildFile; fileRef = BF500850B669BDF59E37D186 /* Pods_Realmy_Swift.framework */; };
		FD8F674E2766974900B34931 /* AppDelegate.swift in Sources */ = {isa = PBXBuildFile; fileRef = FD8F674D2766974900B34931 /* AppDelegate.swift */; };
		FD8F67502766974900B34931 /* SceneDelegate.swift in Sources */ = {isa = PBXBuildFile; fileRef = FD8F674F2766974900B34931 /* SceneDelegate.swift */; };
		FD8F67522766974900B34931 /* ViewController.swift in Sources */ = {isa = PBXBuildFile; fileRef = FD8F67512766974900B34931 /* ViewController.swift */; };
		FD8F67552766974900B34931 /* Main.storyboard in Resources */ = {isa = PBXBuildFile; fileRef = FD8F67532766974900B34931 /* Main.storyboard */; };
		FD8F67572766974A00B34931 /* Assets.xcassets in Resources */ = {isa = PBXBuildFile; fileRef = FD8F67562766974A00B34931 /* Assets.xcassets */; };
		FD8F675A2766974A00B34931 /* LaunchScreen.storyboard in Resources */ = {isa = PBXBuildFile; fileRef = FD8F67582766974A00B34931 /* LaunchScreen.storyboard */; };
/* End PBXBuildFile section */

/* Begin PBXFileReference section */
		03CD6ADDB79DBAEA5D671361 /* Pods-Realmy-Swift.release.xcconfig */ = {isa = PBXFileReference; includeInIndex = 1; lastKnownFileType = text.xcconfig; name = "Pods-Realmy-Swift.release.xcconfig"; path = "Target Support Files/Pods-Realmy-Swift/Pods-Realmy-Swift.release.xcconfig"; sourceTree = "<group>"; };
		BF500850B669BDF59E37D186 /* Pods_Realmy_Swift.framework */ = {isa = PBXFileReference; explicitFileType = wrapper.framework; includeInIndex = 0; path = Pods_Realmy_Swift.framework; sourceTree = BUILT_PRODUCTS_DIR; };
		DC072013A92F370D2477356D /* Pods-Realmy-Swift.debug.xcconfig */ = {isa = PBXFileReference; includeInIndex = 1; lastKnownFileType = text.xcconfig; name = "Pods-Realmy-Swift.debug.xcconfig"; path = "Target Support Files/Pods-Realmy-Swift/Pods-Realmy-Swift.debug.xcconfig"; sourceTree = "<group>"; };
		FD8F674A2766974900B34931 /* Realmy-Swift.app */ = {isa = PBXFileReference; explicitFileType = wrapper.application; includeInIndex = 0; path = "Realmy-Swift.app"; sourceTree = BUILT_PRODUCTS_DIR; };
		FD8F674D2766974900B34931 /* AppDelegate.swift */ = {isa = PBXFileReference; lastKnownFileType = sourcecode.swift; path = AppDelegate.swift; sourceTree = "<group>"; };
		FD8F674F2766974900B34931 /* SceneDelegate.swift */ = {isa = PBXFileReference; lastKnownFileType = sourcecode.swift; path = SceneDelegate.swift; sourceTree = "<group>"; };
		FD8F67512766974900B34931 /* ViewController.swift */ = {isa = PBXFileReference; lastKnownFileType = sourcecode.swift; path = ViewController.swift; sourceTree = "<group>"; };
		FD8F67542766974900B34931 /* Base */ = {isa = PBXFileReference; lastKnownFileType = file.storyboard; name = Base; path = Base.lproj/Main.storyboard; sourceTree = "<group>"; };
		FD8F67562766974A00B34931 /* Assets.xcassets */ = {isa = PBXFileReference; lastKnownFileType = folder.assetcatalog; path = Assets.xcassets; sourceTree = "<group>"; };
		FD8F67592766974A00B34931 /* Base */ = {isa = PBXFileReference; lastKnownFileType = file.storyboard; name = Base; path = Base.lproj/LaunchScreen.storyboard; sourceTree = "<group>"; };
		FD8F675B2766974A00B34931 /* Info.plist */ = {isa = PBXFileReference; lastKnownFileType = text.plist.xml; path = Info.plist; sourceTree = "<group>"; };
/* End PBXFileReference section */

/* Begin PBXFrameworksBuildPhase section */
		FD8F67472766974900B34931 /* Frameworks */ = {
			isa = PBXFrameworksBuildPhase;
			buildActionMask = 2147483647;
			files = (
				F9DCB1D738BCD1A1C47B2488 /* Pods_Realmy_Swift.framework in Frameworks */,
			);
			runOnlyForDeploymentPostprocessing = 0;
		};
/* End PBXFrameworksBuildPhase section */

/* Begin PBXGroup section */
		22B5A02A5808E9B241EA950A /* Frameworks */ = {
			isa = PBXGroup;
			children = (
				BF500850B669BDF59E37D186 /* Pods_Realmy_Swift.framework */,
			);
			name = Frameworks;
			sourceTree = "<group>";
		};
		5B321F2C78FCC2C78BF499F1 /* Pods */ = {
			isa = PBXGroup;
			children = (
				DC072013A92F370D2477356D /* Pods-Realmy-Swift.debug.xcconfig */,
				03CD6ADDB79DBAEA5D671361 /* Pods-Realmy-Swift.release.xcconfig */,
			);
			path = Pods;
			sourceTree = "<group>";
		};
		FD8F67412766974900B34931 = {
			isa = PBXGroup;
			children = (
				FD8F674C2766974900B34931 /* Realmy-Swift */,
				FD8F674B2766974900B34931 /* Products */,
				5B321F2C78FCC2C78BF499F1 /* Pods */,
				22B5A02A5808E9B241EA950A /* Frameworks */,
			);
			sourceTree = "<group>";
		};
		FD8F674B2766974900B34931 /* Products */ = {
			isa = PBXGroup;
			children = (
				FD8F674A2766974900B34931 /* Realmy-Swift.app */,
			);
			name = Products;
			sourceTree = "<group>";
		};
		FD8F674C2766974900B34931 /* Realmy-Swift */ = {
			isa = PBXGroup;
			children = (
				FD8F674D2766974900B34931 /* AppDelegate.swift */,
				FD8F674F2766974900B34931 /* SceneDelegate.swift */,
				FD8F67512766974900B34931 /* ViewController.swift */,
				FD8F67532766974900B34931 /* Main.storyboard */,
				FD8F67562766974A00B34931 /* Assets.xcassets */,
				FD8F67582766974A00B34931 /* LaunchScreen.storyboard */,
				FD8F675B2766974A00B34931 /* Info.plist */,
			);
			path = "Realmy-Swift";
			sourceTree = "<group>";
		};
/* End PBXGroup section */

/* Begin PBXNativeTarget section */
		FD8F67492766974900B34931 /* Realmy-Swift */ = {
			isa = PBXNativeTarget;
			buildConfigurationList = FD8F675E2766974A00B34931 /* Build configuration list for PBXNativeTarget "Realmy-Swift" */;
			buildPhases = (
				C9B01896283A10240A9BC003 /* [CP] Check Pods Manifest.lock */,
				FD8F67462766974900B34931 /* Sources */,
				FD8F67472766974900B34931 /* Frameworks */,
				FD8F67482766974900B34931 /* Resources */,
				BF767698D345F91858559E98 /* [CP] Embed Pods Frameworks */,
			);
			buildRules = (
			);
			dependencies = (
			);
			name = "Realmy-Swift";
			productName = "Realmy-Swift";
			productReference = FD8F674A2766974900B34931 /* Realmy-Swift.app */;
			productType = "com.apple.product-type.application";
		};
/* End PBXNativeTarget section */

/* Begin PBXProject section */
		FD8F67422766974900B34931 /* Project object */ = {
			isa = PBXProject;
			attributes = {
				BuildIndependentTargetsInParallel = 1;
				LastSwiftUpdateCheck = 1310;
				LastUpgradeCheck = 1310;
				TargetAttributes = {
					FD8F67492766974900B34931 = {
						CreatedOnToolsVersion = 13.1;
					};
				};
			};
			buildConfigurationList = FD8F67452766974900B34931 /* Build configuration list for PBXProject "Realmy-Swift" */;
			compatibilityVersion = "Xcode 13.0";
			developmentRegion = en;
			hasScannedForEncodings = 0;
			knownRegions = (
				en,
				Base,
			);
			mainGroup = FD8F67412766974900B34931;
			productRefGroup = FD8F674B2766974900B34931 /* Products */;
			projectDirPath = "";
			projectRoot = "";
			targets = (
				FD8F67492766974900B34931 /* Realmy-Swift */,
			);
		};
/* End PBXProject section */

/* Begin PBXResourcesBuildPhase section */
		FD8F67482766974900B34931 /* Resources */ = {
			isa = PBXResourcesBuildPhase;
			buildActionMask = 2147483647;
			files = (
				FD8F675A2766974A00B34931 /* LaunchScreen.storyboard in Resources */,
				FD8F67572766974A00B34931 /* Assets.xcassets in Resources */,
				FD8F67552766974900B34931 /* Main.storyboard in Resources */,
			);
			runOnlyForDeploymentPostprocessing = 0;
		};
/* End PBXResourcesBuildPhase section */

/* Begin PBXShellScriptBuildPhase section */
		BF767698D345F91858559E98 /* [CP] Embed Pods Frameworks */ = {
			isa = PBXShellScriptBuildPhase;
			buildActionMask = 2147483647;
			files = (
			);
			inputFileListPaths = (
				"${PODS_ROOT}/Target Support Files/Pods-Realmy-Swift/Pods-Realmy-Swift-frameworks-${CONFIGURATION}-input-files.xcfilelist",
			);
			name = "[CP] Embed Pods Frameworks";
			outputFileListPaths = (
				"${PODS_ROOT}/Target Support Files/Pods-Realmy-Swift/Pods-Realmy-Swift-frameworks-${CONFIGURATION}-output-files.xcfilelist",
			);
			runOnlyForDeploymentPostprocessing = 0;
			shellPath = /bin/sh;
			shellScript = "\"${PODS_ROOT}/Target Support Files/Pods-Realmy-Swift/Pods-Realmy-Swift-frameworks.sh\"\n";
			showEnvVarsInLog = 0;
		};
		C9B01896283A10240A9BC003 /* [CP] Check Pods Manifest.lock */ = {
			isa = PBXShellScriptBuildPhase;
			buildActionMask = 2147483647;
			files = (
			);
			inputFileListPaths = (
			);
			inputPaths = (
				"${PODS_PODFILE_DIR_PATH}/Podfile.lock",
				"${PODS_ROOT}/Manifest.lock",
			);
			name = "[CP] Check Pods Manifest.lock";
			outputFileListPaths = (
			);
			outputPaths = (
				"$(DERIVED_FILE_DIR)/Pods-Realmy-Swift-checkManifestLockResult.txt",
			);
			runOnlyForDeploymentPostprocessing = 0;
			shellPath = /bin/sh;
			shellScript = "diff \"${PODS_PODFILE_DIR_PATH}/Podfile.lock\" \"${PODS_ROOT}/Manifest.lock\" > /dev/null\nif [ $? != 0 ] ; then\n    # print error to STDERR\n    echo \"error: The sandbox is not in sync with the Podfile.lock. Run 'pod install' or update your CocoaPods installation.\" >&2\n    exit 1\nfi\n# This output is used by Xcode 'outputs' to avoid re-running this script phase.\necho \"SUCCESS\" > \"${SCRIPT_OUTPUT_FILE_0}\"\n";
			showEnvVarsInLog = 0;
		};
/* End PBXShellScriptBuildPhase section */

/* Begin PBXSourcesBuildPhase section */
		FD8F67462766974900B34931 /* Sources */ = {
			isa = PBXSourcesBuildPhase;
			buildActionMask = 2147483647;
			files = (
				FD8F67522766974900B34931 /* ViewController.swift in Sources */,
				FD8F674E2766974900B34931 /* AppDelegate.swift in Sources */,
				FD8F67502766974900B34931 /* SceneDelegate.swift in Sources */,
			);
			runOnlyForDeploymentPostprocessing = 0;
		};
/* End PBXSourcesBuildPhase section */

/* Begin PBXVariantGroup section */
		FD8F67532766974900B34931 /* Main.storyboard */ = {
			isa = PBXVariantGroup;
			children = (
				FD8F67542766974900B34931 /* Base */,
			);
			name = Main.storyboard;
			sourceTree = "<group>";
		};
		FD8F67582766974A00B34931 /* LaunchScreen.storyboard */ = {
			isa = PBXVariantGroup;
			children = (
				FD8F67592766974A00B34931 /* Base */,
			);
			name = LaunchScreen.storyboard;
			sourceTree = "<group>";
		};
/* End PBXVariantGroup section */

/* Begin XCBuildConfiguration section */
		FD8F675C2766974A00B34931 /* Debug */ = {
			isa = XCBuildConfiguration;
			buildSettings = {
				ALWAYS_SEARCH_USER_PATHS = NO;
				CLANG_ANALYZER_NONNULL = YES;
				CLANG_ANALYZER_NUMBER_OBJECT_CONVERSION = YES_AGGRESSIVE;
				CLANG_CXX_LANGUAGE_STANDARD = "gnu++17";
				CLANG_CXX_LIBRARY = "libc++";
				CLANG_ENABLE_MODULES = YES;
				CLANG_ENABLE_OBJC_ARC = YES;
				CLANG_ENABLE_OBJC_WEAK = YES;
				CLANG_WARN_BLOCK_CAPTURE_AUTORELEASING = YES;
				CLANG_WARN_BOOL_CONVERSION = YES;
				CLANG_WARN_COMMA = YES;
				CLANG_WARN_CONSTANT_CONVERSION = YES;
				CLANG_WARN_DEPRECATED_OBJC_IMPLEMENTATIONS = YES;
				CLANG_WARN_DIRECT_OBJC_ISA_USAGE = YES_ERROR;
				CLANG_WARN_DOCUMENTATION_COMMENTS = YES;
				CLANG_WARN_EMPTY_BODY = YES;
				CLANG_WARN_ENUM_CONVERSION = YES;
				CLANG_WARN_INFINITE_RECURSION = YES;
				CLANG_WARN_INT_CONVERSION = YES;
				CLANG_WARN_NON_LITERAL_NULL_CONVERSION = YES;
				CLANG_WARN_OBJC_IMPLICIT_RETAIN_SELF = YES;
				CLANG_WARN_OBJC_LITERAL_CONVERSION = YES;
				CLANG_WARN_OBJC_ROOT_CLASS = YES_ERROR;
				CLANG_WARN_QUOTED_INCLUDE_IN_FRAMEWORK_HEADER = YES;
				CLANG_WARN_RANGE_LOOP_ANALYSIS = YES;
				CLANG_WARN_STRICT_PROTOTYPES = YES;
				CLANG_WARN_SUSPICIOUS_MOVE = YES;
				CLANG_WARN_UNGUARDED_AVAILABILITY = YES_AGGRESSIVE;
				CLANG_WARN_UNREACHABLE_CODE = YES;
				CLANG_WARN__DUPLICATE_METHOD_MATCH = YES;
				COPY_PHASE_STRIP = NO;
				DEBUG_INFORMATION_FORMAT = dwarf;
				ENABLE_STRICT_OBJC_MSGSEND = YES;
				ENABLE_TESTABILITY = YES;
				GCC_C_LANGUAGE_STANDARD = gnu11;
				GCC_DYNAMIC_NO_PIC = NO;
				GCC_NO_COMMON_BLOCKS = YES;
				GCC_OPTIMIZATION_LEVEL = 0;
				GCC_PREPROCESSOR_DEFINITIONS = (
					"DEBUG=1",
					"$(inherited)",
				);
				GCC_WARN_64_TO_32_BIT_CONVERSION = YES;
				GCC_WARN_ABOUT_RETURN_TYPE = YES_ERROR;
				GCC_WARN_UNDECLARED_SELECTOR = YES;
				GCC_WARN_UNINITIALIZED_AUTOS = YES_AGGRESSIVE;
				GCC_WARN_UNUSED_FUNCTION = YES;
				GCC_WARN_UNUSED_VARIABLE = YES;
				IPHONEOS_DEPLOYMENT_TARGET = 15.0;
				MTL_ENABLE_DEBUG_INFO = INCLUDE_SOURCE;
				MTL_FAST_MATH = YES;
				ONLY_ACTIVE_ARCH = YES;
				SDKROOT = iphoneos;
				SWIFT_ACTIVE_COMPILATION_CONDITIONS = DEBUG;
				SWIFT_OPTIMIZATION_LEVEL = "-Onone";
			};
			name = Debug;
		};
		FD8F675D2766974A00B34931 /* Release */ = {
			isa = XCBuildConfiguration;
			buildSettings = {
				ALWAYS_SEARCH_USER_PATHS = NO;
				CLANG_ANALYZER_NONNULL = YES;
				CLANG_ANALYZER_NUMBER_OBJECT_CONVERSION = YES_AGGRESSIVE;
				CLANG_CXX_LANGUAGE_STANDARD = "gnu++17";
				CLANG_CXX_LIBRARY = "libc++";
				CLANG_ENABLE_MODULES = YES;
				CLANG_ENABLE_OBJC_ARC = YES;
				CLANG_ENABLE_OBJC_WEAK = YES;
				CLANG_WARN_BLOCK_CAPTURE_AUTORELEASING = YES;
				CLANG_WARN_BOOL_CONVERSION = YES;
				CLANG_WARN_COMMA = YES;
				CLANG_WARN_CONSTANT_CONVERSION = YES;
				CLANG_WARN_DEPRECATED_OBJC_IMPLEMENTATIONS = YES;
				CLANG_WARN_DIRECT_OBJC_ISA_USAGE = YES_ERROR;
				CLANG_WARN_DOCUMENTATION_COMMENTS = YES;
				CLANG_WARN_EMPTY_BODY = YES;
				CLANG_WARN_ENUM_CONVERSION = YES;
				CLANG_WARN_INFINITE_RECURSION = YES;
				CLANG_WARN_INT_CONVERSION = YES;
				CLANG_WARN_NON_LITERAL_NULL_CONVERSION = YES;
				CLANG_WARN_OBJC_IMPLICIT_RETAIN_SELF = YES;
				CLANG_WARN_OBJC_LITERAL_CONVERSION = YES;
				CLANG_WARN_OBJC_ROOT_CLASS = YES_ERROR;
				CLANG_WARN_QUOTED_INCLUDE_IN_FRAMEWORK_HEADER = YES;
				CLANG_WARN_RANGE_LOOP_ANALYSIS = YES;
				CLANG_WARN_STRICT_PROTOTYPES = YES;
				CLANG_WARN_SUSPICIOUS_MOVE = YES;
				CLANG_WARN_UNGUARDED_AVAILABILITY = YES_AGGRESSIVE;
				CLANG_WARN_UNREACHABLE_CODE = YES;
				CLANG_WARN__DUPLICATE_METHOD_MATCH = YES;
				COPY_PHASE_STRIP = NO;
				DEBUG_INFORMATION_FORMAT = "dwarf-with-dsym";
				ENABLE_NS_ASSERTIONS = NO;
				ENABLE_STRICT_OBJC_MSGSEND = YES;
				GCC_C_LANGUAGE_STANDARD = gnu11;
				GCC_NO_COMMON_BLOCKS = YES;
				GCC_WARN_64_TO_32_BIT_CONVERSION = YES;
				GCC_WARN_ABOUT_RETURN_TYPE = YES_ERROR;
				GCC_WARN_UNDECLARED_SELECTOR = YES;
				GCC_WARN_UNINITIALIZED_AUTOS = YES_AGGRESSIVE;
				GCC_WARN_UNUSED_FUNCTION = YES;
				GCC_WARN_UNUSED_VARIABLE = YES;
				IPHONEOS_DEPLOYMENT_TARGET = 15.0;
				MTL_ENABLE_DEBUG_INFO = NO;
				MTL_FAST_MATH = YES;
				SDKROOT = iphoneos;
				SWIFT_COMPILATION_MODE = wholemodule;
				SWIFT_OPTIMIZATION_LEVEL = "-O";
				VALIDATE_PRODUCT = YES;
			};
			name = Release;
		};
		FD8F675F2766974A00B34931 /* Debug */ = {
			isa = XCBuildConfiguration;
			baseConfigurationReference = DC072013A92F370D2477356D /* Pods-Realmy-Swift.debug.xcconfig */;
			buildSettings = {
				ASSETCATALOG_COMPILER_APPICON_NAME = AppIcon;
				ASSETCATALOG_COMPILER_GLOBAL_ACCENT_COLOR_NAME = AccentColor;
				CODE_SIGN_STYLE = Automatic;
				CURRENT_PROJECT_VERSION = 1;
				DEVELOPMENT_TEAM = 2584UNKWXQ;
				GENERATE_INFOPLIST_FILE = YES;
				INFOPLIST_FILE = "Realmy-Swift/Info.plist";
				INFOPLIST_KEY_UIApplicationSupportsIndirectInputEvents = YES;
				INFOPLIST_KEY_UILaunchStoryboardName = LaunchScreen;
				INFOPLIST_KEY_UIMainStoryboardFile = Main;
				INFOPLIST_KEY_UISupportedInterfaceOrientations_iPad = "UIInterfaceOrientationPortrait UIInterfaceOrientationPortraitUpsideDown UIInterfaceOrientationLandscapeLeft UIInterfaceOrientationLandscapeRight";
				INFOPLIST_KEY_UISupportedInterfaceOrientations_iPhone = "UIInterfaceOrientationPortrait UIInterfaceOrientationLandscapeLeft UIInterfaceOrientationLandscapeRight";
				LD_RUNPATH_SEARCH_PATHS = (
					"$(inherited)",
					"@executable_path/Frameworks",
				);
				MARKETING_VERSION = 1.0;
				PRODUCT_BUNDLE_IDENTIFIER = "com.serkanapp.Realmy-Swift";
				PRODUCT_NAME = "$(TARGET_NAME)";
				SWIFT_EMIT_LOC_STRINGS = YES;
				SWIFT_VERSION = 5.0;
				TARGETED_DEVICE_FAMILY = "1,2";
			};
			name = Debug;
		};
		FD8F67602766974A00B34931 /* Release */ = {
			isa = XCBuildConfiguration;
			baseConfigurationReference = 03CD6ADDB79DBAEA5D671361 /* Pods-Realmy-Swift.release.xcconfig */;
			buildSettings = {
				ASSETCATALOG_COMPILER_APPICON_NAME = AppIcon;
				ASSETCATALOG_COMPILER_GLOBAL_ACCENT_COLOR_NAME = AccentColor;
				CODE_SIGN_STYLE = Automatic;
				CURRENT_PROJECT_VERSION = 1;
				DEVELOPMENT_TEAM = 2584UNKWXQ;
				GENERATE_INFOPLIST_FILE = YES;
				INFOPLIST_FILE = "Realmy-Swift/Info.plist";
				INFOPLIST_KEY_UIApplicationSupportsIndirectInputEvents = YES;
				INFOPLIST_KEY_UILaunchStoryboardName = LaunchScreen;
				INFOPLIST_KEY_UIMainStoryboardFile = Main;
				INFOPLIST_KEY_UISupportedInterfaceOrientations_iPad = "UIInterfaceOrientationPortrait UIInterfaceOrientationPortraitUpsideDown UIInterfaceOrientationLandscapeLeft UIInterfaceOrientationLandscapeRight";
				INFOPLIST_KEY_UISupportedInterfaceOrientations_iPhone = "UIInterfaceOrientationPortrait UIInterfaceOrientationLandscapeLeft UIInterfaceOrientationLandscapeRight";
				LD_RUNPATH_SEARCH_PATHS = (
					"$(inherited)",
					"@executable_path/Frameworks",
				);
				MARKETING_VERSION = 1.0;
				PRODUCT_BUNDLE_IDENTIFIER = "com.serkanapp.Realmy-Swift";
				PRODUCT_NAME = "$(TARGET_NAME)";
				SWIFT_EMIT_LOC_STRINGS = YES;
				SWIFT_VERSION = 5.0;
				TARGETED_DEVICE_FAMILY = "1,2";
			};
			name = Release;
		};
/* End XCBuildConfiguration section */

/* Begin XCConfigurationList section */
		FD8F67452766974900B34931 /* Build configuration list for PBXProject "Realmy-Swift" */ = {
			isa = XCConfigurationList;
			buildConfigurations = (
				FD8F675C2766974A00B34931 /* Debug */,
				FD8F675D2766974A00B34931 /* Release */,
			);
			defaultConfigurationIsVisible = 0;
			defaultConfigurationName = Release;
		};
		FD8F675E2766974A00B34931 /* Build configuration list for PBXNativeTarget "Realmy-Swift" */ = {
			isa = XCConfigurationList;
			buildConfigurations = (
				FD8F675F2766974A00B34931 /* Debug */,
				FD8F67602766974A00B34931 /* Release */,
			);
			defaultConfigurationIsVisible = 0;
			defaultConfigurationName = Release;
		};
/* End XCConfigurationList section */
	};
	rootObject = FD8F67422766974900B34931 /* Project object */;
}
